// !$*UTF8*$!
{
	archiveVersion = 1;
	classes = {
	};
	objectVersion = 46;
	objects = {

/* Begin PBXBuildFile section */
		2AAF2A231C3D8A5A00140077 /* main.m in Sources */ = {isa = PBXBuildFile; fileRef = 2AAF2A221C3D8A5A00140077 /* main.m */; };
		2AAF2A261C3D8A5A00140077 /* AppDelegate.m in Sources */ = {isa = PBXBuildFile; fileRef = 2AAF2A251C3D8A5A00140077 /* AppDelegate.m */; };
		2AAF2A291C3D8A5A00140077 /* ViewController.m in Sources */ = {isa = PBXBuildFile; fileRef = 2AAF2A281C3D8A5A00140077 /* ViewController.m */; };
		2AAF2A2C1C3D8A5A00140077 /* Main.storyboard in Resources */ = {isa = PBXBuildFile; fileRef = 2AAF2A2A1C3D8A5A00140077 /* Main.storyboard */; };
		2AAF2A2F1C3D8A5A00140077 /* ThousandWordsProject.xcdatamodeld in Sources */ = {isa = PBXBuildFile; fileRef = 2AAF2A2D1C3D8A5A00140077 /* ThousandWordsProject.xcdatamodeld */; };
		2AAF2A311C3D8A5A00140077 /* Assets.xcassets in Resources */ = {isa = PBXBuildFile; fileRef = 2AAF2A301C3D8A5A00140077 /* Assets.xcassets */; };
		2AAF2A341C3D8A5A00140077 /* LaunchScreen.storyboard in Resources */ = {isa = PBXBuildFile; fileRef = 2AAF2A321C3D8A5A00140077 /* LaunchScreen.storyboard */; };
		2AAF2A3F1C3D8A5A00140077 /* ThousandWordsProjectTests.m in Sources */ = {isa = PBXBuildFile; fileRef = 2AAF2A3E1C3D8A5A00140077 /* ThousandWordsProjectTests.m */; };
		2AAF2A4A1C3D8A5A00140077 /* ThousandWordsProjectUITests.m in Sources */ = {isa = PBXBuildFile; fileRef = 2AAF2A491C3D8A5A00140077 /* ThousandWordsProjectUITests.m */; };
		2AAF2A591C3D8B6B00140077 /* TableViewController.m in Sources */ = {isa = PBXBuildFile; fileRef = 2AAF2A581C3D8B6B00140077 /* TableViewController.m */; };
		2AAF2A5E1C3D8F0200140077 /* Album+CoreDataProperties.m in Sources */ = {isa = PBXBuildFile; fileRef = 2AAF2A5B1C3D8F0200140077 /* Album+CoreDataProperties.m */; };
		2AAF2A5F1C3D8F0200140077 /* Album.m in Sources */ = {isa = PBXBuildFile; fileRef = 2AAF2A5D1C3D8F0200140077 /* Album.m */; };
		2AAF2A621C3F1C4D00140077 /* CoreDataHelper.m in Sources */ = {isa = PBXBuildFile; fileRef = 2AAF2A611C3F1C4D00140077 /* CoreDataHelper.m */; };
		2AAF2A651C3F2CA600140077 /* CollectionViewController.m in Sources */ = {isa = PBXBuildFile; fileRef = 2AAF2A641C3F2CA600140077 /* CollectionViewController.m */; };
		2AAF2A681C3F329200140077 /* PhotoCollectionViewCell.m in Sources */ = {isa = PBXBuildFile; fileRef = 2AAF2A671C3F329200140077 /* PhotoCollectionViewCell.m */; };
		2AAF2A6A1C40128500140077 /* Cute_dog in Resources */ = {isa = PBXBuildFile; fileRef = 2AAF2A691C40128500140077 /* Cute_dog */; };
		2AAF2A711C44685200140077 /* Album+CoreDataProperties.m in Sources */ = {isa = PBXBuildFile; fileRef = 2AAF2A6C1C44685200140077 /* Album+CoreDataProperties.m */; };
		2AAF2A721C44685200140077 /* Photo+CoreDataProperties.m in Sources */ = {isa = PBXBuildFile; fileRef = 2AAF2A6E1C44685200140077 /* Photo+CoreDataProperties.m */; };
		2AAF2A731C44685200140077 /* Photo.m in Sources */ = {isa = PBXBuildFile; fileRef = 2AAF2A701C44685200140077 /* Photo.m */; };
		2AAF2A771C4469B000140077 /* PictureDataTransformer.m in Sources */ = {isa = PBXBuildFile; fileRef = 2AAF2A761C4469B000140077 /* PictureDataTransformer.m */; };
/* End PBXBuildFile section */

/* Begin PBXContainerItemProxy section */
		2AAF2A3B1C3D8A5A00140077 /* PBXContainerItemProxy */ = {
			isa = PBXContainerItemProxy;
			containerPortal = 2AAF2A161C3D8A5A00140077 /* Project object */;
			proxyType = 1;
			remoteGlobalIDString = 2AAF2A1D1C3D8A5A00140077;
			remoteInfo = ThousandWordsProject;
		};
		2AAF2A461C3D8A5A00140077 /* PBXContainerItemProxy */ = {
			isa = PBXContainerItemProxy;
			containerPortal = 2AAF2A161C3D8A5A00140077 /* Project object */;
			proxyType = 1;
			remoteGlobalIDString = 2AAF2A1D1C3D8A5A00140077;
			remoteInfo = ThousandWordsProject;
		};
/* End PBXContainerItemProxy section */

/* Begin PBXFileReference section */
		2AAF2A1E1C3D8A5A00140077 /* ThousandWordsProject.app */ = {isa = PBXFileReference; explicitFileType = wrapper.application; includeInIndex = 0; path = ThousandWordsProject.app; sourceTree = BUILT_PRODUCTS_DIR; };
		2AAF2A221C3D8A5A00140077 /* main.m */ = {isa = PBXFileReference; lastKnownFileType = sourcecode.c.objc; path = main.m; sourceTree = "<group>"; };
		2AAF2A241C3D8A5A00140077 /* AppDelegate.h */ = {isa = PBXFileReference; lastKnownFileType = sourcecode.c.h; path = AppDelegate.h; sourceTree = "<group>"; };
		2AAF2A251C3D8A5A00140077 /* AppDelegate.m */ = {isa = PBXFileReference; lastKnownFileType = sourcecode.c.objc; path = AppDelegate.m; sourceTree = "<group>"; };
		2AAF2A271C3D8A5A00140077 /* ViewController.h */ = {isa = PBXFileReference; lastKnownFileType = sourcecode.c.h; path = ViewController.h; sourceTree = "<group>"; };
		2AAF2A281C3D8A5A00140077 /* ViewController.m */ = {isa = PBXFileReference; lastKnownFileType = sourcecode.c.objc; path = ViewController.m; sourceTree = "<group>"; };
		2AAF2A2B1C3D8A5A00140077 /* Base */ = {isa = PBXFileReference; lastKnownFileType = file.storyboard; name = Base; path = Base.lproj/Main.storyboard; sourceTree = "<group>"; };
		2AAF2A2E1C3D8A5A00140077 /* ThousandWordsProject.xcdatamodel */ = {isa = PBXFileReference; lastKnownFileType = wrapper.xcdatamodel; path = ThousandWordsProject.xcdatamodel; sourceTree = "<group>"; };
		2AAF2A301C3D8A5A00140077 /* Assets.xcassets */ = {isa = PBXFileReference; lastKnownFileType = folder.assetcatalog; path = Assets.xcassets; sourceTree = "<group>"; };
		2AAF2A331C3D8A5A00140077 /* Base */ = {isa = PBXFileReference; lastKnownFileType = file.storyboard; name = Base; path = Base.lproj/LaunchScreen.storyboard; sourceTree = "<group>"; };
		2AAF2A351C3D8A5A00140077 /* Info.plist */ = {isa = PBXFileReference; lastKnownFileType = text.plist.xml; path = Info.plist; sourceTree = "<group>"; };
		2AAF2A3A1C3D8A5A00140077 /* ThousandWordsProjectTests.xctest */ = {isa = PBXFileReference; explicitFileType = wrapper.cfbundle; includeInIndex = 0; path = ThousandWordsProjectTests.xctest; sourceTree = BUILT_PRODUCTS_DIR; };
		2AAF2A3E1C3D8A5A00140077 /* ThousandWordsProjectTests.m */ = {isa = PBXFileReference; lastKnownFileType = sourcecode.c.objc; path = ThousandWordsProjectTests.m; sourceTree = "<group>"; };
		2AAF2A401C3D8A5A00140077 /* Info.plist */ = {isa = PBXFileReference; lastKnownFileType = text.plist.xml; path = Info.plist; sourceTree = "<group>"; };
		2AAF2A451C3D8A5A00140077 /* ThousandWordsProjectUITests.xctest */ = {isa = PBXFileReference; explicitFileType = wrapper.cfbundle; includeInIndex = 0; path = ThousandWordsProjectUITests.xctest; sourceTree = BUILT_PRODUCTS_DIR; };
		2AAF2A491C3D8A5A00140077 /* ThousandWordsProjectUITests.m */ = {isa = PBXFileReference; lastKnownFileType = sourcecode.c.objc; path = ThousandWordsProjectUITests.m; sourceTree = "<group>"; };
		2AAF2A4B1C3D8A5A00140077 /* Info.plist */ = {isa = PBXFileReference; lastKnownFileType = text.plist.xml; path = Info.plist; sourceTree = "<group>"; };
		2AAF2A571C3D8B6B00140077 /* TableViewController.h */ = {isa = PBXFileReference; fileEncoding = 4; lastKnownFileType = sourcecode.c.h; path = TableViewController.h; sourceTree = "<group>"; };
		2AAF2A581C3D8B6B00140077 /* TableViewController.m */ = {isa = PBXFileReference; fileEncoding = 4; lastKnownFileType = sourcecode.c.objc; path = TableViewController.m; sourceTree = "<group>"; };
		2AAF2A5A1C3D8F0200140077 /* Album+CoreDataProperties.h */ = {isa = PBXFileReference; fileEncoding = 4; lastKnownFileType = sourcecode.c.h; name = "Album+CoreDataProperties.h"; path = "../Album+CoreDataProperties.h"; sourceTree = "<group>"; };
		2AAF2A5B1C3D8F0200140077 /* Album+CoreDataProperties.m */ = {isa = PBXFileReference; fileEncoding = 4; lastKnownFileType = sourcecode.c.objc; name = "Album+CoreDataProperties.m"; path = "../Album+CoreDataProperties.m"; sourceTree = "<group>"; };
		2AAF2A5C1C3D8F0200140077 /* Album.h */ = {isa = PBXFileReference; fileEncoding = 4; lastKnownFileType = sourcecode.c.h; name = Album.h; path = ../Album.h; sourceTree = "<group>"; };
		2AAF2A5D1C3D8F0200140077 /* Album.m */ = {isa = PBXFileReference; fileEncoding = 4; lastKnownFileType = sourcecode.c.objc; name = Album.m; path = ../Album.m; sourceTree = "<group>"; };
		2AAF2A601C3F1C4D00140077 /* CoreDataHelper.h */ = {isa = PBXFileReference; fileEncoding = 4; lastKnownFileType = sourcecode.c.h; path = CoreDataHelper.h; sourceTree = "<group>"; };
		2AAF2A611C3F1C4D00140077 /* CoreDataHelper.m */ = {isa = PBXFileReference; fileEncoding = 4; lastKnownFileType = sourcecode.c.objc; path = CoreDataHelper.m; sourceTree = "<group>"; };
		2AAF2A631C3F2CA600140077 /* CollectionViewController.h */ = {isa = PBXFileReference; fileEncoding = 4; lastKnownFileType = sourcecode.c.h; path = CollectionViewController.h; sourceTree = "<group>"; };
		2AAF2A641C3F2CA600140077 /* CollectionViewController.m */ = {isa = PBXFileReference; fileEncoding = 4; lastKnownFileType = sourcecode.c.objc; path = CollectionViewController.m; sourceTree = "<group>"; };
		2AAF2A661C3F329200140077 /* PhotoCollectionViewCell.h */ = {isa = PBXFileReference; fileEncoding = 4; lastKnownFileType = sourcecode.c.h; path = PhotoCollectionViewCell.h; sourceTree = "<group>"; };
		2AAF2A671C3F329200140077 /* PhotoCollectionViewCell.m */ = {isa = PBXFileReference; fileEncoding = 4; lastKnownFileType = sourcecode.c.objc; path = PhotoCollectionViewCell.m; sourceTree = "<group>"; };
		2AAF2A691C40128500140077 /* Cute_dog */ = {isa = PBXFileReference; lastKnownFileType = file; name = Cute_dog; path = ../../../../Downloads/Cute_dog; sourceTree = "<group>"; };
		2AAF2A6B1C44685200140077 /* Album+CoreDataProperties.h */ = {isa = PBXFileReference; fileEncoding = 4; lastKnownFileType = sourcecode.c.h; name = "Album+CoreDataProperties.h"; path = "../Album+CoreDataProperties.h"; sourceTree = "<group>"; };
		2AAF2A6C1C44685200140077 /* Album+CoreDataProperties.m */ = {isa = PBXFileReference; fileEncoding = 4; lastKnownFileType = sourcecode.c.objc; name = "Album+CoreDataProperties.m"; path = "../Album+CoreDataProperties.m"; sourceTree = "<group>"; };
		2AAF2A6D1C44685200140077 /* Photo+CoreDataProperties.h */ = {isa = PBXFileReference; fileEncoding = 4; lastKnownFileType = sourcecode.c.h; name = "Photo+CoreDataProperties.h"; path = "../Photo+CoreDataProperties.h"; sourceTree = "<group>"; };
		2AAF2A6E1C44685200140077 /* Photo+CoreDataProperties.m */ = {isa = PBXFileReference; fileEncoding = 4; lastKnownFileType = sourcecode.c.objc; name = "Photo+CoreDataProperties.m"; path = "../Photo+CoreDataProperties.m"; sourceTree = "<group>"; };
		2AAF2A6F1C44685200140077 /* Photo.h */ = {isa = PBXFileReference; fileEncoding = 4; lastKnownFileType = sourcecode.c.h; name = Photo.h; path = ../Photo.h; sourceTree = "<group>"; };
		2AAF2A701C44685200140077 /* Photo.m */ = {isa = PBXFileReference; fileEncoding = 4; lastKnownFileType = sourcecode.c.objc; name = Photo.m; path = ../Photo.m; sourceTree = "<group>"; };
		2AAF2A751C4469B000140077 /* PictureDataTransformer.h */ = {isa = PBXFileReference; fileEncoding = 4; lastKnownFileType = sourcecode.c.h; name = PictureDataTransformer.h; path = ../PictureDataTransformer.h; sourceTree = "<group>"; };
		2AAF2A761C4469B000140077 /* PictureDataTransformer.m */ = {isa = PBXFileReference; fileEncoding = 4; lastKnownFileType = sourcecode.c.objc; name = PictureDataTransformer.m; path = ../PictureDataTransformer.m; sourceTree = "<group>"; };
/* End PBXFileReference section */

/* Begin PBXFrameworksBuildPhase section */
		2AAF2A1B1C3D8A5A00140077 /* Frameworks */ = {
			isa = PBXFrameworksBuildPhase;
			buildActionMask = 2147483647;
			files = (
			);
			runOnlyForDeploymentPostprocessing = 0;
		};
		2AAF2A371C3D8A5A00140077 /* Frameworks */ = {
			isa = PBXFrameworksBuildPhase;
			buildActionMask = 2147483647;
			files = (
			);
			runOnlyForDeploymentPostprocessing = 0;
		};
		2AAF2A421C3D8A5A00140077 /* Frameworks */ = {
			isa = PBXFrameworksBuildPhase;
			buildActionMask = 2147483647;
			files = (
			);
			runOnlyForDeploymentPostprocessing = 0;
		};
/* End PBXFrameworksBuildPhase section */

/* Begin PBXGroup section */
		2AAF2A151C3D8A5A00140077 = {
			isa = PBXGroup;
			children = (
				2AAF2A201C3D8A5A00140077 /* ThousandWordsProject */,
				2AAF2A3D1C3D8A5A00140077 /* ThousandWordsProjectTests */,
				2AAF2A481C3D8A5A00140077 /* ThousandWordsProjectUITests */,
				2AAF2A1F1C3D8A5A00140077 /* Products */,
			);
			sourceTree = "<group>";
		};
		2AAF2A1F1C3D8A5A00140077 /* Products */ = {
			isa = PBXGroup;
			children = (
				2AAF2A1E1C3D8A5A00140077 /* ThousandWordsProject.app */,
				2AAF2A3A1C3D8A5A00140077 /* ThousandWordsProjectTests.xctest */,
				2AAF2A451C3D8A5A00140077 /* ThousandWordsProjectUITests.xctest */,
			);
			name = Products;
			sourceTree = "<group>";
		};
		2AAF2A201C3D8A5A00140077 /* ThousandWordsProject */ = {
			isa = PBXGroup;
			children = (
				2AAF2A241C3D8A5A00140077 /* AppDelegate.h */,
				2AAF2A251C3D8A5A00140077 /* AppDelegate.m */,
				2AAF2A271C3D8A5A00140077 /* ViewController.h */,
				2AAF2A281C3D8A5A00140077 /* ViewController.m */,
				2AAF2A2A1C3D8A5A00140077 /* Main.storyboard */,
				2AAF2A631C3F2CA600140077 /* CollectionViewController.h */,
				2AAF2A641C3F2CA600140077 /* CollectionViewController.m */,
				2AAF2A661C3F329200140077 /* PhotoCollectionViewCell.h */,
				2AAF2A671C3F329200140077 /* PhotoCollectionViewCell.m */,
				2AAF2A571C3D8B6B00140077 /* TableViewController.h */,
				2AAF2A581C3D8B6B00140077 /* TableViewController.m */,
				2AAF2A301C3D8A5A00140077 /* Assets.xcassets */,
				2AAF2A321C3D8A5A00140077 /* LaunchScreen.storyboard */,
				2AAF2A351C3D8A5A00140077 /* Info.plist */,
				2AAF2A2D1C3D8A5A00140077 /* ThousandWordsProject.xcdatamodeld */,
				2AAF2A741C4468AB00140077 /* CoreData */,
				2AAF2A211C3D8A5A00140077 /* Supporting Files */,
			);
			path = ThousandWordsProject;
			sourceTree = "<group>";
		};
		2AAF2A211C3D8A5A00140077 /* Supporting Files */ = {
			isa = PBXGroup;
			children = (
				2AAF2A691C40128500140077 /* Cute_dog */,
				2AAF2A221C3D8A5A00140077 /* main.m */,
			);
			name = "Supporting Files";
			sourceTree = "<group>";
		};
		2AAF2A3D1C3D8A5A00140077 /* ThousandWordsProjectTests */ = {
			isa = PBXGroup;
			children = (
				2AAF2A3E1C3D8A5A00140077 /* ThousandWordsProjectTests.m */,
				2AAF2A401C3D8A5A00140077 /* Info.plist */,
			);
			path = ThousandWordsProjectTests;
			sourceTree = "<group>";
		};
		2AAF2A481C3D8A5A00140077 /* ThousandWordsProjectUITests */ = {
			isa = PBXGroup;
			children = (
				2AAF2A491C3D8A5A00140077 /* ThousandWordsProjectUITests.m */,
				2AAF2A4B1C3D8A5A00140077 /* Info.plist */,
			);
			path = ThousandWordsProjectUITests;
			sourceTree = "<group>";
		};
		2AAF2A741C4468AB00140077 /* CoreData */ = {
			isa = PBXGroup;
			children = (
				2AAF2A751C4469B000140077 /* PictureDataTransformer.h */,
				2AAF2A761C4469B000140077 /* PictureDataTransformer.m */,
				2AAF2A601C3F1C4D00140077 /* CoreDataHelper.h */,
				2AAF2A611C3F1C4D00140077 /* CoreDataHelper.m */,
				2AAF2A5A1C3D8F0200140077 /* Album+CoreDataProperties.h */,
				2AAF2A5B1C3D8F0200140077 /* Album+CoreDataProperties.m */,
				2AAF2A5C1C3D8F0200140077 /* Album.h */,
				2AAF2A5D1C3D8F0200140077 /* Album.m */,
				2AAF2A6B1C44685200140077 /* Album+CoreDataProperties.h */,
				2AAF2A6C1C44685200140077 /* Album+CoreDataProperties.m */,
				2AAF2A6E1C44685200140077 /* Photo+CoreDataProperties.m */,
				2AAF2A6D1C44685200140077 /* Photo+CoreDataProperties.h */,
				2AAF2A6F1C44685200140077 /* Photo.h */,
				2AAF2A701C44685200140077 /* Photo.m */,
			);
			name = CoreData;
			sourceTree = "<group>";
		};
/* End PBXGroup section */

/* Begin PBXNativeTarget section */
		2AAF2A1D1C3D8A5A00140077 /* ThousandWordsProject */ = {
			isa = PBXNativeTarget;
			buildConfigurationList = 2AAF2A4E1C3D8A5A00140077 /* Build configuration list for PBXNativeTarget "ThousandWordsProject" */;
			buildPhases = (
				2AAF2A1A1C3D8A5A00140077 /* Sources */,
				2AAF2A1B1C3D8A5A00140077 /* Frameworks */,
				2AAF2A1C1C3D8A5A00140077 /* Resources */,
			);
			buildRules = (
			);
			dependencies = (
			);
			name = ThousandWordsProject;
			productName = ThousandWordsProject;
			productReference = 2AAF2A1E1C3D8A5A00140077 /* ThousandWordsProject.app */;
			productType = "com.apple.product-type.application";
		};
		2AAF2A391C3D8A5A00140077 /* ThousandWordsProjectTests */ = {
			isa = PBXNativeTarget;
			buildConfigurationList = 2AAF2A511C3D8A5A00140077 /* Build configuration list for PBXNativeTarget "ThousandWordsProjectTests" */;
			buildPhases = (
				2AAF2A361C3D8A5A00140077 /* Sources */,
				2AAF2A371C3D8A5A00140077 /* Frameworks */,
				2AAF2A381C3D8A5A00140077 /* Resources */,
			);
			buildRules = (
			);
			dependencies = (
				2AAF2A3C1C3D8A5A00140077 /* PBXTargetDependency */,
			);
			name = ThousandWordsProjectTests;
			productName = ThousandWordsProjectTests;
			productReference = 2AAF2A3A1C3D8A5A00140077 /* ThousandWordsProjectTests.xctest */;
			productType = "com.apple.product-type.bundle.unit-test";
		};
		2AAF2A441C3D8A5A00140077 /* ThousandWordsProjectUITests */ = {
			isa = PBXNativeTarget;
			buildConfigurationList = 2AAF2A541C3D8A5A00140077 /* Build configuration list for PBXNativeTarget "ThousandWordsProjectUITests" */;
			buildPhases = (
				2AAF2A411C3D8A5A00140077 /* Sources */,
				2AAF2A421C3D8A5A00140077 /* Frameworks */,
				2AAF2A431C3D8A5A00140077 /* Resources */,
			);
			buildRules = (
			);
			dependencies = (
				2AAF2A471C3D8A5A00140077 /* PBXTargetDependency */,
			);
			name = ThousandWordsProjectUITests;
			productName = ThousandWordsProjectUITests;
			productReference = 2AAF2A451C3D8A5A00140077 /* ThousandWordsProjectUITests.xctest */;
			productType = "com.apple.product-type.bundle.ui-testing";
		};
/* End PBXNativeTarget section */

/* Begin PBXProject section */
		2AAF2A161C3D8A5A00140077 /* Project object */ = {
			isa = PBXProject;
			attributes = {
				LastUpgradeCheck = 0720;
				ORGANIZATIONNAME = "Emmanuel Cuevas";
				TargetAttributes = {
					2AAF2A1D1C3D8A5A00140077 = {
						CreatedOnToolsVersion = 7.2;
						DevelopmentTeam = 995DAY8VEK;
					};
					2AAF2A391C3D8A5A00140077 = {
						CreatedOnToolsVersion = 7.2;
						TestTargetID = 2AAF2A1D1C3D8A5A00140077;
					};
					2AAF2A441C3D8A5A00140077 = {
						CreatedOnToolsVersion = 7.2;
						TestTargetID = 2AAF2A1D1C3D8A5A00140077;
					};
				};
			};
			buildConfigurationList = 2AAF2A191C3D8A5A00140077 /* Build configuration list for PBXProject "ThousandWordsProject" */;
			compatibilityVersion = "Xcode 3.2";
			developmentRegion = English;
			hasScannedForEncodings = 0;
			knownRegions = (
				en,
				Base,
			);
			mainGroup = 2AAF2A151C3D8A5A00140077;
			productRefGroup = 2AAF2A1F1C3D8A5A00140077 /* Products */;
			projectDirPath = "";
			projectRoot = "";
			targets = (
				2AAF2A1D1C3D8A5A00140077 /* ThousandWordsProject */,
				2AAF2A391C3D8A5A00140077 /* ThousandWordsProjectTests */,
				2AAF2A441C3D8A5A00140077 /* ThousandWordsProjectUITests */,
			);
		};
/* End PBXProject section */

/* Begin PBXResourcesBuildPhase section */
		2AAF2A1C1C3D8A5A00140077 /* Resources */ = {
			isa = PBXResourcesBuildPhase;
			buildActionMask = 2147483647;
			files = (
				2AAF2A341C3D8A5A00140077 /* LaunchScreen.storyboard in Resources */,
				2AAF2A311C3D8A5A00140077 /* Assets.xcassets in Resources */,
				2AAF2A2C1C3D8A5A00140077 /* Main.storyboard in Resources */,
				2AAF2A6A1C40128500140077 /* Cute_dog in Resources */,
			);
			runOnlyForDeploymentPostprocessing = 0;
		};
		2AAF2A381C3D8A5A00140077 /* Resources */ = {
			isa = PBXResourcesBuildPhase;
			buildActionMask = 2147483647;
			files = (
			);
			runOnlyForDeploymentPostprocessing = 0;
		};
		2AAF2A431C3D8A5A00140077 /* Resources */ = {
			isa = PBXResourcesBuildPhase;
			buildActionMask = 2147483647;
			files = (
			);
			runOnlyForDeploymentPostprocessing = 0;
		};
/* End PBXResourcesBuildPhase section */

/* Begin PBXSourcesBuildPhase section */
		2AAF2A1A1C3D8A5A00140077 /* Sources */ = {
			isa = PBXSourcesBuildPhase;
			buildActionMask = 2147483647;
			files = (
				2AAF2A291C3D8A5A00140077 /* ViewController.m in Sources */,
				2AAF2A261C3D8A5A00140077 /* AppDelegate.m in Sources */,
				2AAF2A231C3D8A5A00140077 /* main.m in Sources */,
				2AAF2A681C3F329200140077 /* PhotoCollectionViewCell.m in Sources */,
				2AAF2A771C4469B000140077 /* PictureDataTransformer.m in Sources */,
				2AAF2A731C44685200140077 /* Photo.m in Sources */,
				2AAF2A591C3D8B6B00140077 /* TableViewController.m in Sources */,
				2AAF2A2F1C3D8A5A00140077 /* ThousandWordsProject.xcdatamodeld in Sources */,
				2AAF2A721C44685200140077 /* Photo+CoreDataProperties.m in Sources */,
				2AAF2A5F1C3D8F0200140077 /* Album.m in Sources */,
				2AAF2A621C3F1C4D00140077 /* CoreDataHelper.m in Sources */,
				2AAF2A711C44685200140077 /* Album+CoreDataProperties.m in Sources */,
				2AAF2A5E1C3D8F0200140077 /* Album+CoreDataProperties.m in Sources */,
				2AAF2A651C3F2CA600140077 /* CollectionViewController.m in Sources */,
			);
			runOnlyForDeploymentPostprocessing = 0;
		};
		2AAF2A361C3D8A5A00140077 /* Sources */ = {
			isa = PBXSourcesBuildPhase;
			buildActionMask = 2147483647;
			files = (
				2AAF2A3F1C3D8A5A00140077 /* ThousandWordsProjectTests.m in Sources */,
			);
			runOnlyForDeploymentPostprocessing = 0;
		};
		2AAF2A411C3D8A5A00140077 /* Sources */ = {
			isa = PBXSourcesBuildPhase;
			buildActionMask = 2147483647;
			files = (
				2AAF2A4A1C3D8A5A00140077 /* ThousandWordsProjectUITests.m in Sources */,
			);
			runOnlyForDeploymentPostprocessing = 0;
		};
/* End PBXSourcesBuildPhase section */

/* Begin PBXTargetDependency section */
		2AAF2A3C1C3D8A5A00140077 /* PBXTargetDependency */ = {
			isa = PBXTargetDependency;
			target = 2AAF2A1D1C3D8A5A00140077 /* ThousandWordsProject */;
			targetProxy = 2AAF2A3B1C3D8A5A00140077 /* PBXContainerItemProxy */;
		};
		2AAF2A471C3D8A5A00140077 /* PBXTargetDependency */ = {
			isa = PBXTargetDependency;
			target = 2AAF2A1D1C3D8A5A00140077 /* ThousandWordsProject */;
			targetProxy = 2AAF2A461C3D8A5A00140077 /* PBXContainerItemProxy */;
		};
/* End PBXTargetDependency section */

/* Begin PBXVariantGroup section */
		2AAF2A2A1C3D8A5A00140077 /* Main.storyboard */ = {
			isa = PBXVariantGroup;
			children = (
				2AAF2A2B1C3D8A5A00140077 /* Base */,
			);
			name = Main.storyboard;
			sourceTree = "<group>";
		};
		2AAF2A321C3D8A5A00140077 /* LaunchScreen.storyboard */ = {
			isa = PBXVariantGroup;
			children = (
				2AAF2A331C3D8A5A00140077 /* Base */,
			);
			name = LaunchScreen.storyboard;
			sourceTree = "<group>";
		};
/* End PBXVariantGroup section */

/* Begin XCBuildConfiguration section */
		2AAF2A4C1C3D8A5A00140077 /* Debug */ = {
			isa = XCBuildConfiguration;
			buildSettings = {
				ALWAYS_SEARCH_USER_PATHS = NO;
				CLANG_CXX_LANGUAGE_STANDARD = "gnu++0x";
				CLANG_CXX_LIBRARY = "libc++";
				CLANG_ENABLE_MODULES = YES;
				CLANG_ENABLE_OBJC_ARC = YES;
				CLANG_WARN_BOOL_CONVERSION = YES;
				CLANG_WARN_CONSTANT_CONVERSION = YES;
				CLANG_WARN_DIRECT_OBJC_ISA_USAGE = YES_ERROR;
				CLANG_WARN_EMPTY_BODY = YES;
				CLANG_WARN_ENUM_CONVERSION = YES;
				CLANG_WARN_INT_CONVERSION = YES;
				CLANG_WARN_OBJC_ROOT_CLASS = YES_ERROR;
				CLANG_WARN_UNREACHABLE_CODE = YES;
				CLANG_WARN__DUPLICATE_METHOD_MATCH = YES;
				"CODE_SIGN_IDENTITY[sdk=iphoneos*]" = "iPhone Developer";
				COPY_PHASE_STRIP = NO;
				DEBUG_INFORMATION_FORMAT = dwarf;
				ENABLE_STRICT_OBJC_MSGSEND = YES;
				ENABLE_TESTABILITY = YES;
				GCC_C_LANGUAGE_STANDARD = gnu99;
				GCC_DYNAMIC_NO_PIC = NO;
				GCC_NO_COMMON_BLOCKS = YES;
				GCC_OPTIMIZATION_LEVEL = 0;
				GCC_PREPROCESSOR_DEFINITIONS = (
					"DEBUG=1",
					"$(inherited)",
				);
				GCC_WARN_64_TO_32_BIT_CONVERSION = YES;
				GCC_WARN_ABOUT_RETURN_TYPE = YES_ERROR;
				GCC_WARN_UNDECLARED_SELECTOR = YES;
				GCC_WARN_UNINITIALIZED_AUTOS = YES_AGGRESSIVE;
				GCC_WARN_UNUSED_FUNCTION = YES;
				GCC_WARN_UNUSED_VARIABLE = YES;
				IPHONEOS_DEPLOYMENT_TARGET = 9.2;
				MTL_ENABLE_DEBUG_INFO = YES;
				ONLY_ACTIVE_ARCH = YES;
				SDKROOT = iphoneos;
			};
			name = Debug;
		};
		2AAF2A4D1C3D8A5A00140077 /* Release */ = {
			isa = XCBuildConfiguration;
			buildSettings = {
				ALWAYS_SEARCH_USER_PATHS = NO;
				CLANG_CXX_LANGUAGE_STANDARD = "gnu++0x";
				CLANG_CXX_LIBRARY = "libc++";
				CLANG_ENABLE_MODULES = YES;
				CLANG_ENABLE_OBJC_ARC = YES;
				CLANG_WARN_BOOL_CONVERSION = YES;
				CLANG_WARN_CONSTANT_CONVERSION = YES;
				CLANG_WARN_DIRECT_OBJC_ISA_USAGE = YES_ERROR;
				CLANG_WARN_EMPTY_BODY = YES;
				CLANG_WARN_ENUM_CONVERSION = YES;
				CLANG_WARN_INT_CONVERSION = YES;
				CLANG_WARN_OBJC_ROOT_CLASS = YES_ERROR;
				CLANG_WARN_UNREACHABLE_CODE = YES;
				CLANG_WARN__DUPLICATE_METHOD_MATCH = YES;
				"CODE_SIGN_IDENTITY[sdk=iphoneos*]" = "iPhone Developer";
				COPY_PHASE_STRIP = NO;
				DEBUG_INFORMATION_FORMAT = "dwarf-with-dsym";
				ENABLE_NS_ASSERTIONS = NO;
				ENABLE_STRICT_OBJC_MSGSEND = YES;
				GCC_C_LANGUAGE_STANDARD = gnu99;
				GCC_NO_COMMON_BLOCKS = YES;
				GCC_WARN_64_TO_32_BIT_CONVERSION = YES;
				GCC_WARN_ABOUT_RETURN_TYPE = YES_ERROR;
				GCC_WARN_UNDECLARED_SELECTOR = YES;
				GCC_WARN_UNINITIALIZED_AUTOS = YES_AGGRESSIVE;
				GCC_WARN_UNUSED_FUNCTION = YES;
				GCC_WARN_UNUSED_VARIABLE = YES;
				IPHONEOS_DEPLOYMENT_TARGET = 9.2;
				MTL_ENABLE_DEBUG_INFO = NO;
				SDKROOT = iphoneos;
				VALIDATE_PRODUCT = YES;
			};
			name = Release;
		};
		2AAF2A4F1C3D8A5A00140077 /* Debug */ = {
			isa = XCBuildConfiguration;
			buildSettings = {
				ASSETCATALOG_COMPILER_APPICON_NAME = AppIcon;
				CODE_SIGN_IDENTITY = "iPhone Developer";
				"CODE_SIGN_IDENTITY[sdk=iphoneos*]" = "iPhone Developer";
				INFOPLIST_FILE = ThousandWordsProject/Info.plist;
				LD_RUNPATH_SEARCH_PATHS = "$(inherited) @executable_path/Frameworks";
				PRODUCT_BUNDLE_IDENTIFIER = IBM.ThousandWordsProject;
				PRODUCT_NAME = "$(TARGET_NAME)";
				PROVISIONING_PROFILE = "";
			};
			name = Debug;
		};
		2AAF2A501C3D8A5A00140077 /* Release */ = {
			isa = XCBuildConfiguration;
			buildSettings = {
				ASSETCATALOG_COMPILER_APPICON_NAME = AppIcon;
				CODE_SIGN_IDENTITY = "iPhone Developer";
				"CODE_SIGN_IDENTITY[sdk=iphoneos*]" = "iPhone Developer";
				INFOPLIST_FILE = ThousandWordsProject/Info.plist;
				LD_RUNPATH_SEARCH_PATHS = "$(inherited) @executable_path/Frameworks";
				PRODUCT_BUNDLE_IDENTIFIER = IBM.ThousandWordsProject;
				PRODUCT_NAME = "$(TARGET_NAME)";
				PROVISIONING_PROFILE = "";
			};
			name = Release;
		};
		2AAF2A521C3D8A5A00140077 /* Debug */ = {
			isa = XCBuildConfiguration;
			buildSettings = {
				BUNDLE_LOADER = "$(TEST_HOST)";
				INFOPLIST_FILE = ThousandWordsProjectTests/Info.plist;
				LD_RUNPATH_SEARCH_PATHS = "$(inherited) @executable_path/Frameworks @loader_path/Frameworks";
				PRODUCT_BUNDLE_IDENTIFIER = IBM.ThousandWordsProjectTests;
				PRODUCT_NAME = "$(TARGET_NAME)";
				TEST_HOST = "$(BUILT_PRODUCTS_DIR)/ThousandWordsProject.app/ThousandWordsProject";
			};
			name = Debug;
		};
		2AAF2A531C3D8A5A00140077 /* Release */ = {
			isa = XCBuildConfiguration;
			buildSettings = {
				BUNDLE_LOADER = "$(TEST_HOST)";
				INFOPLIST_FILE = ThousandWordsProjectTests/Info.plist;
				LD_RUNPATH_SEARCH_PATHS = "$(inherited) @executable_path/Frameworks @loader_path/Frameworks";
				PRODUCT_BUNDLE_IDENTIFIER = IBM.ThousandWordsProjectTests;
				PRODUCT_NAME = "$(TARGET_NAME)";
				TEST_HOST = "$(BUILT_PRODUCTS_DIR)/ThousandWordsProject.app/ThousandWordsProject";
			};
			name = Release;
		};
		2AAF2A551C3D8A5A00140077 /* Debug */ = {
			isa = XCBuildConfiguration;
			buildSettings = {
				INFOPLIST_FILE = ThousandWordsProjectUITests/Info.plist;
				LD_RUNPATH_SEARCH_PATHS = "$(inherited) @executable_path/Frameworks @loader_path/Frameworks";
				PRODUCT_BUNDLE_IDENTIFIER = IBM.ThousandWordsProjectUITests;
				PRODUCT_NAME = "$(TARGET_NAME)";
				TEST_TARGET_NAME = ThousandWordsProject;
				USES_XCTRUNNER = YES;
			};
			name = Debug;
		};
		2AAF2A561C3D8A5A00140077 /* Release */ = {
			isa = XCBuildConfiguration;
			buildSettings = {
				INFOPLIST_FILE = ThousandWordsProjectUITests/Info.plist;
				LD_RUNPATH_SEARCH_PATHS = "$(inherited) @executable_path/Frameworks @loader_path/Frameworks";
				PRODUCT_BUNDLE_IDENTIFIER = IBM.ThousandWordsProjectUITests;
				PRODUCT_NAME = "$(TARGET_NAME)";
				TEST_TARGET_NAME = ThousandWordsProject;
				USES_XCTRUNNER = YES;
			};
			name = Release;
		};
/* End XCBuildConfiguration section */

/* Begin XCConfigurationList section */
		2AAF2A191C3D8A5A00140077 /* Build configuration list for PBXProject "ThousandWordsProject" */ = {
			isa = XCConfigurationList;
			buildConfigurations = (
				2AAF2A4C1C3D8A5A00140077 /* Debug */,
				2AAF2A4D1C3D8A5A00140077 /* Release */,
			);
			defaultConfigurationIsVisible = 0;
			defaultConfigurationName = Release;
		};
		2AAF2A4E1C3D8A5A00140077 /* Build configuration list for PBXNativeTarget "ThousandWordsProject" */ = {
			isa = XCConfigurationList;
			buildConfigurations = (
				2AAF2A4F1C3D8A5A00140077 /* Debug */,
				2AAF2A501C3D8A5A00140077 /* Release */,
			);
			defaultConfigurationIsVisible = 0;
			defaultConfigurationName = Release;
		};
		2AAF2A511C3D8A5A00140077 /* Build configuration list for PBXNativeTarget "ThousandWordsProjectTests" */ = {
			isa = XCConfigurationList;
			buildConfigurations = (
				2AAF2A521C3D8A5A00140077 /* Debug */,
				2AAF2A531C3D8A5A00140077 /* Release */,
			);
			defaultConfigurationIsVisible = 0;
			defaultConfigurationName = Release;
		};
		2AAF2A541C3D8A5A00140077 /* Build configuration list for PBXNativeTarget "ThousandWordsProjectUITests" */ = {
			isa = XCConfigurationList;
			buildConfigurations = (
				2AAF2A551C3D8A5A00140077 /* Debug */,
				2AAF2A561C3D8A5A00140077 /* Release */,
			);
			defaultConfigurationIsVisible = 0;
			defaultConfigurationName = Release;
		};
/* End XCConfigurationList section */

/* Begin XCVersionGroup section */
		2AAF2A2D1C3D8A5A00140077 /* ThousandWordsProject.xcdatamodeld */ = {
			isa = XCVersionGroup;
			children = (
				2AAF2A2E1C3D8A5A00140077 /* ThousandWordsProject.xcdatamodel */,
			);
			currentVersion = 2AAF2A2E1C3D8A5A00140077 /* ThousandWordsProject.xcdatamodel */;
			path = ThousandWordsProject.xcdatamodeld;
			sourceTree = "<group>";
			versionGroupType = wrapper.xcdatamodel;
		};
/* End XCVersionGroup section */
	};
	rootObject = 2AAF2A161C3D8A5A00140077 /* Project object */;
}
